
Microsoft Visual Studio Solution File, Format Version 12.00
# Visual Studio Version 17
VisualStudioVersion = 17.0.31903.59
MinimumVisualStudioVersion = 10.0.40219.1
Project("{2150E333-8FDC-42A3-9474-1A3956D46DE8}") = "src", "src", "{DD200CAC-CF4C-477B-977A-EA8ACF504259}"
EndProject
Project("{FAE04EC0-301F-11D3-BF4B-00C04F79EFBC}") = "Ta.Core", "src\Ta.Core\Ta.Core.csproj", "{67D4885C-D68B-4860-93A4-DC4413F50D01}"
EndProject
Project("{FAE04EC0-301F-11D3-BF4B-00C04F79EFBC}") = "Ta.Spike.Overlay", "src\Ta.Spike.Overlay\Ta.Spike.Overlay.csproj", "{DC8D8BB3-8E59-4274-BC9D-B46A2A37F4F1}"
EndProject
Project("{2150E333-8FDC-42A3-9474-1A3956D46DE8}") = "tests", "tests", "{6397BAF3-4E34-4577-9D1D-C3E2624A281A}"
EndProject
Project("{FAE04EC0-301F-11D3-BF4B-00C04F79EFBC}") = "Ta.Core.Tests", "tests\Ta.Core.Tests\Ta.Core.Tests.csproj", "{30E9AF67-FD1B-4034-9065-78E316C5442C}"
EndProject
Project("{FAE04EC0-301F-11D3-BF4B-00C04F79EFBC}") = "Ta.CLI.Tests", "tests\Ta.CLI.Tests\Ta.CLI.Tests.csproj", "{C7E4F1A2-3B5D-4E6F-8A9B-0C1D2E3F4A5B}"
EndProject
Project("{FAE04EC0-301F-11D3-BF4B-00C04F79EFBC}") = "Ta.Encoding", "src\Ta.Encoding\Ta.Encoding.csproj", "{D15D423D-6A0C-4FDE-B87B-00C935990B68}"
EndProject
Project("{FAE04EC0-301F-11D3-BF4B-00C04F79EFBC}") = "Ta.Capture", "src\Ta.Capture\Ta.Capture.csproj", "{F010990B-5DE8-4AAF-B961-607FEB20F71A}"
EndProject
Project("{FAE04EC0-301F-11D3-BF4B-00C04F79EFBC}") = "Ta.OCR", "src\Ta.OCR\Ta.OCR.csproj", "{F253D39F-FEA0-4B9B-A0A9-EE9935612670}"
EndProject
Project("{FAE04EC0-301F-11D3-BF4B-00C04F79EFBC}") = "Ta.AI", "src\Ta.AI\Ta.AI.csproj", "{7B363C33-7F2C-4BBF-B87F-80F8AA586861}"
EndProject
Project("{FAE04EC0-301F-11D3-BF4B-00C04F79EFBC}") = "Ta.Annotation", "src\Ta.Annotation\Ta.Annotation.csproj", "{9080453D-9C5E-4528-88EC-020363799DBC}"
EndProject
Project("{FAE04EC0-301F-11D3-BF4B-00C04F79EFBC}") = "Ta.Pinning", "src\Ta.Pinning\Ta.Pinning.csproj", "{161DC927-9C7C-464D-A9CE-41A7AB9A26D6}"
EndProject
Project("{FAE04EC0-301F-11D3-BF4B-00C04F79EFBC}") = "Ta.HotKeys", "src\Ta.HotKeys\Ta.HotKeys.csproj", "{77227466-8F16-437A-91CE-C35BB6295B51}"
EndProject
Project("{FAE04EC0-301F-11D3-BF4B-00C04F79EFBC}") = "Ta.Translate", "src\Ta.Translate\Ta.Translate.csproj", "{280C50DD-1749-4861-B3BE-A7F457BDAF27}"
EndProject
Project("{FAE04EC0-301F-11D3-BF4B-00C04F79EFBC}") = "Ta.LongSession", "src\Ta.LongSession\Ta.LongSession.csproj", "{19E0F997-C8C7-4C3E-8F63-E889902761D1}"
EndProject
Project("{FAE04EC0-301F-11D3-BF4B-00C04F79EFBC}") = "Ta.AgentBridge", "src\Ta.AgentBridge\Ta.AgentBridge.csproj", "{A9C36F45-5A96-4355-A268-FD990C993AD0}"
EndProject
Project("{FAE04EC0-301F-11D3-BF4B-00C04F79EFBC}") = "Ta.CLI", "src\Ta.CLI\Ta.CLI.csproj", "{5AE61407-9B45-4D38-B7CE-50B70B972C51}"
EndProject
Project("{FAE04EC0-301F-11D3-BF4B-00C04F79EFBC}") = "Ta.Settings", "src\Ta.Settings\Ta.Settings.csproj", "{499691B9-25A5-4551-9083-5A502E1D5A49}"
EndProject
Project("{FAE04EC0-301F-11D3-BF4B-00C04F79EFBC}") = "Ta.Shell", "src\Ta.Shell\Ta.Shell.csproj", "{2E0A3B61-37ED-43D4-8908-4EC44CDBF968}"
EndProject
Project("{FAE04EC0-301F-11D3-BF4B-00C04F79EFBC}") = "Ta.HotKeys.Tests", "tests\Ta.HotKeys.Tests\Ta.HotKeys.Tests.csproj", "{B6A0F7D8-602C-4AB4-8219-E6DF0552D911}"
EndProject
Project("{FAE04EC0-301F-11D3-BF4B-00C04F79EFBC}") = "Ta.AgentBridge.Tests", "tests\Ta.AgentBridge.Tests\Ta.AgentBridge.Tests.csproj", "{A07743D1-95F4-49CE-BD7D-75A312CD5AB5}"
EndProject
Project("{FAE04EC0-301F-11D3-BF4B-00C04F79EFBC}") = "Ta.Annotation.Tests", "tests\Ta.Annotation.Tests\Ta.Annotation.Tests.csproj", "{068D24EF-46C5-419A-9147-A3322799C597}"
EndProject
Project("{FAE04EC0-301F-11D3-BF4B-00C04F79EFBC}") = "Ta.Pinning.Tests", "tests\Ta.Pinning.Tests\Ta.Pinning.Tests.csproj", "{2B002980-3FE7-4B81-84CF-B45E2EA386F1}"
EndProject
Project("{FAE04EC0-301F-11D3-BF4B-00C04F79EFBC}") = "Ta.AI.Tests", "tests\Ta.AI.Tests\Ta.AI.Tests.csproj", "{80D4CD28-1DC4-4655-B4BF-B8C8BEC69273}"
EndProject
Project("{FAE04EC0-301F-11D3-BF4B-00C04F79EFBC}") = "Ta.LongSession.Tests", "tests\Ta.LongSession.Tests\Ta.LongSession.Tests.csproj", "{0FA9BC68-3148-433E-BADE-42161D226973}"
EndProject
Project("{FAE04EC0-301F-11D3-BF4B-00C04F79EFBC}") = "Ta.Settings.Tests", "tests\Ta.Settings.Tests\Ta.Settings.Tests.csproj", "{F09D5283-DD42-4F93-9756-41C1DC225CD1}"
EndProject
Project("{FAE04EC0-301F-11D3-BF4B-00C04F79EFBC}") = "Ta.Demo", "src\Ta.Demo\Ta.Demo.csproj", "{311D6998-B4AC-4490-8A5A-CF8ECAF9D7D1}"
EndProject
Project("{FAE04EC0-301F-11D3-BF4B-00C04F79EFBC}") = "Ta.Capture.Tests", "tests\Ta.Capture.Tests\Ta.Capture.Tests.csproj", "{64E32070-7056-4CAD-9658-FB40D867F718}"
EndProject
Project("{FAE04EC0-301F-11D3-BF4B-00C04F79EFBC}") = "Ta.Encoding.Tests", "tests\Ta.Encoding.Tests\Ta.Encoding.Tests.csproj", "{A9B306D5-BDA9-4683-B270-40BE0DF7888B}"
EndProject
Project("{FAE04EC0-301F-11D3-BF4B-00C04F79EFBC}") = "Ta.OCR.Tests", "tests\Ta.OCR.Tests\Ta.OCR.Tests.csproj", "{A67ADD7D-6C9C-4A70-BC46-7158E91F627D}"
EndProject
Project("{FAE04EC0-301F-11D3-BF4B-00C04F79EFBC}") = "Ta.Translate.Tests", "tests\Ta.Translate.Tests\Ta.Translate.Tests.csproj", "{0E66EE87-00D0-42E2-B9D5-7F83D9BDDBB8}"
EndProject
Global
	GlobalSection(SolutionConfigurationPlatforms) = preSolution
		Debug|Any CPU = Debug|Any CPU
		Release|Any CPU = Release|Any CPU
	EndGlobalSection
	GlobalSection(SolutionProperties) = preSolution
		HideSolutionNode = FALSE
	EndGlobalSection
	GlobalSection(ProjectConfigurationPlatforms) = postSolution
		{67D4885C-D68B-4860-93A4-DC4413F50D01}.Debug|Any CPU.ActiveCfg = Debug|Any CPU
		{67D4885C-D68B-4860-93A4-DC4413F50D01}.Debug|Any CPU.Build.0 = Debug|Any CPU
		{67D4885C-D68B-4860-93A4-DC4413F50D01}.Release|Any CPU.ActiveCfg = Release|Any CPU
		{67D4885C-D68B-4860-93A4-DC4413F50D01}.Release|Any CPU.Build.0 = Release|Any CPU
		{DC8D8BB3-8E59-4274-BC9D-B46A2A37F4F1}.Debug|Any CPU.ActiveCfg = Debug|Any CPU
		{DC8D8BB3-8E59-4274-BC9D-B46A2A37F4F1}.Debug|Any CPU.Build.0 = Debug|Any CPU
		{DC8D8BB3-8E59-4274-BC9D-B46A2A37F4F1}.Release|Any CPU.ActiveCfg = Release|Any CPU
		{DC8D8BB3-8E59-4274-BC9D-B46A2A37F4F1}.Release|Any CPU.Build.0 = Release|Any CPU
		{30E9AF67-FD1B-4034-9065-78E316C5442C}.Debug|Any CPU.ActiveCfg = Debug|Any CPU
		{30E9AF67-FD1B-4034-9065-78E316C5442C}.Debug|Any CPU.Build.0 = Debug|Any CPU
		{30E9AF67-FD1B-4034-9065-78E316C5442C}.Release|Any CPU.ActiveCfg = Release|Any CPU
		{30E9AF67-FD1B-4034-9065-78E316C5442C}.Release|Any CPU.Build.0 = Release|Any CPU
		{C7E4F1A2-3B5D-4E6F-8A9B-0C1D2E3F4A5B}.Debug|Any CPU.ActiveCfg = Debug|Any CPU
		{C7E4F1A2-3B5D-4E6F-8A9B-0C1D2E3F4A5B}.Debug|Any CPU.Build.0 = Debug|Any CPU
		{C7E4F1A2-3B5D-4E6F-8A9B-0C1D2E3F4A5B}.Release|Any CPU.ActiveCfg = Release|Any CPU
		{C7E4F1A2-3B5D-4E6F-8A9B-0C1D2E3F4A5B}.Release|Any CPU.Build.0 = Release|Any CPU
		{D15D423D-6A0C-4FDE-B87B-00C935990B68}.Debug|Any CPU.ActiveCfg = Debug|Any CPU
		{D15D423D-6A0C-4FDE-B87B-00C935990B68}.Debug|Any CPU.Build.0 = Debug|Any CPU
		{D15D423D-6A0C-4FDE-B87B-00C935990B68}.Release|Any CPU.ActiveCfg = Release|Any CPU
		{D15D423D-6A0C-4FDE-B87B-00C935990B68}.Release|Any CPU.Build.0 = Release|Any CPU
		{F010990B-5DE8-4AAF-B961-607FEB20F71A}.Debug|Any CPU.ActiveCfg = Debug|Any CPU
		{F010990B-5DE8-4AAF-B961-607FEB20F71A}.Debug|Any CPU.Build.0 = Debug|Any CPU
		{F010990B-5DE8-4AAF-B961-607FEB20F71A}.Release|Any CPU.ActiveCfg = Release|Any CPU
		{F010990B-5DE8-4AAF-B961-607FEB20F71A}.Release|Any CPU.Build.0 = Release|Any CPU
		{F253D39F-FEA0-4B9B-A0A9-EE9935612670}.Debug|Any CPU.ActiveCfg = Debug|Any CPU
		{F253D39F-FEA0-4B9B-A0A9-EE9935612670}.Debug|Any CPU.Build.0 = Debug|Any CPU
		{F253D39F-FEA0-4B9B-A0A9-EE9935612670}.Release|Any CPU.ActiveCfg = Release|Any CPU
		{F253D39F-FEA0-4B9B-A0A9-EE9935612670}.Release|Any CPU.Build.0 = Release|Any CPU
		{7B363C33-7F2C-4BBF-B87F-80F8AA586861}.Debug|Any CPU.ActiveCfg = Debug|Any CPU
		{7B363C33-7F2C-4BBF-B87F-80F8AA586861}.Debug|Any CPU.Build.0 = Debug|Any CPU
		{7B363C33-7F2C-4BBF-B87F-80F8AA586861}.Release|Any CPU.ActiveCfg = Release|Any CPU
		{7B363C33-7F2C-4BBF-B87F-80F8AA586861}.Release|Any CPU.Build.0 = Release|Any CPU
		{9080453D-9C5E-4528-88EC-020363799DBC}.Debug|Any CPU.ActiveCfg = Debug|Any CPU
		{9080453D-9C5E-4528-88EC-020363799DBC}.Debug|Any CPU.Build.0 = Debug|Any CPU
		{9080453D-9C5E-4528-88EC-020363799DBC}.Release|Any CPU.ActiveCfg = Release|Any CPU
		{9080453D-9C5E-4528-88EC-020363799DBC}.Release|Any CPU.Build.0 = Release|Any CPU
		{161DC927-9C7C-464D-A9CE-41A7AB9A26D6}.Debug|Any CPU.ActiveCfg = Debug|Any CPU
		{161DC927-9C7C-464D-A9CE-41A7AB9A26D6}.Debug|Any CPU.Build.0 = Debug|Any CPU
		{161DC927-9C7C-464D-A9CE-41A7AB9A26D6}.Release|Any CPU.ActiveCfg = Release|Any CPU
		{161DC927-9C7C-464D-A9CE-41A7AB9A26D6}.Release|Any CPU.Build.0 = Release|Any CPU
		{77227466-8F16-437A-91CE-C35BB6295B51}.Debug|Any CPU.ActiveCfg = Debug|Any CPU
		{77227466-8F16-437A-91CE-C35BB6295B51}.Debug|Any CPU.Build.0 = Debug|Any CPU
		{77227466-8F16-437A-91CE-C35BB6295B51}.Release|Any CPU.ActiveCfg = Release|Any CPU
		{77227466-8F16-437A-91CE-C35BB6295B51}.Release|Any CPU.Build.0 = Release|Any CPU
		{280C50DD-1749-4861-B3BE-A7F457BDAF27}.Debug|Any CPU.ActiveCfg = Debug|Any CPU
		{280C50DD-1749-4861-B3BE-A7F457BDAF27}.Debug|Any CPU.Build.0 = Debug|Any CPU
		{280C50DD-1749-4861-B3BE-A7F457BDAF27}.Release|Any CPU.ActiveCfg = Release|Any CPU
		{280C50DD-1749-4861-B3BE-A7F457BDAF27}.Release|Any CPU.Build.0 = Release|Any CPU
		{19E0F997-C8C7-4C3E-8F63-E889902761D1}.Debug|Any CPU.ActiveCfg = Debug|Any CPU
		{19E0F997-C8C7-4C3E-8F63-E889902761D1}.Debug|Any CPU.Build.0 = Debug|Any CPU
		{19E0F997-C8C7-4C3E-8F63-E889902761D1}.Release|Any CPU.ActiveCfg = Release|Any CPU
		{19E0F997-C8C7-4C3E-8F63-E889902761D1}.Release|Any CPU.Build.0 = Release|Any CPU
		{A9C36F45-5A96-4355-A268-FD990C993AD0}.Debug|Any CPU.ActiveCfg = Debug|Any CPU
		{A9C36F45-5A96-4355-A268-FD990C993AD0}.Debug|Any CPU.Build.0 = Debug|Any CPU
		{A9C36F45-5A96-4355-A268-FD990C993AD0}.Release|Any CPU.ActiveCfg = Release|Any CPU
		{A9C36F45-5A96-4355-A268-FD990C993AD0}.Release|Any CPU.Build.0 = Release|Any CPU
		{5AE61407-9B45-4D38-B7CE-50B70B972C51}.Debug|Any CPU.ActiveCfg = Debug|Any CPU
		{5AE61407-9B45-4D38-B7CE-50B70B972C51}.Debug|Any CPU.Build.0 = Debug|Any CPU
		{5AE61407-9B45-4D38-B7CE-50B70B972C51}.Release|Any CPU.ActiveCfg = Release|Any CPU
		{5AE61407-9B45-4D38-B7CE-50B70B972C51}.Release|Any CPU.Build.0 = Release|Any CPU
		{499691B9-25A5-4551-9083-5A502E1D5A49}.Debug|Any CPU.ActiveCfg = Debug|Any CPU
		{499691B9-25A5-4551-9083-5A502E1D5A49}.Debug|Any CPU.Build.0 = Debug|Any CPU
		{499691B9-25A5-4551-9083-5A502E1D5A49}.Release|Any CPU.ActiveCfg = Release|Any CPU
		{499691B9-25A5-4551-9083-5A502E1D5A49}.Release|Any CPU.Build.0 = Release|Any CPU
		{2E0A3B61-37ED-43D4-8908-4EC44CDBF968}.Debug|Any CPU.ActiveCfg = Debug|Any CPU
		{2E0A3B61-37ED-43D4-8908-4EC44CDBF968}.Debug|Any CPU.Build.0 = Debug|Any CPU
		{2E0A3B61-37ED-43D4-8908-4EC44CDBF968}.Release|Any CPU.ActiveCfg = Release|Any CPU
		{2E0A3B61-37ED-43D4-8908-4EC44CDBF968}.Release|Any CPU.Build.0 = Release|Any CPU
		{B6A0F7D8-602C-4AB4-8219-E6DF0552D911}.Debug|Any CPU.ActiveCfg = Debug|Any CPU
		{B6A0F7D8-602C-4AB4-8219-E6DF0552D911}.Debug|Any CPU.Build.0 = Debug|Any CPU
		{B6A0F7D8-602C-4AB4-8219-E6DF0552D911}.Release|Any CPU.ActiveCfg = Release|Any CPU
		{B6A0F7D8-602C-4AB4-8219-E6DF0552D911}.Release|Any CPU.Build.0 = Release|Any CPU
		{A07743D1-95F4-49CE-BD7D-75A312CD5AB5}.Debug|Any CPU.ActiveCfg = Debug|Any CPU
		{A07743D1-95F4-49CE-BD7D-75A312CD5AB5}.Debug|Any CPU.Build.0 = Debug|Any CPU
		{A07743D1-95F4-49CE-BD7D-75A312CD5AB5}.Release|Any CPU.ActiveCfg = Release|Any CPU
		{A07743D1-95F4-49CE-BD7D-75A312CD5AB5}.Release|Any CPU.Build.0 = Release|Any CPU
		{068D24EF-46C5-419A-9147-A3322799C597}.Debug|Any CPU.ActiveCfg = Debug|Any CPU
		{068D24EF-46C5-419A-9147-A3322799C597}.Debug|Any CPU.Build.0 = Debug|Any CPU
		{068D24EF-46C5-419A-9147-A3322799C597}.Release|Any CPU.ActiveCfg = Release|Any CPU
		{068D24EF-46C5-419A-9147-A3322799C597}.Release|Any CPU.Build.0 = Release|Any CPU
		{2B002980-3FE7-4B81-84CF-B45E2EA386F1}.Debug|Any CPU.ActiveCfg = Debug|Any CPU
		{2B002980-3FE7-4B81-84CF-B45E2EA386F1}.Debug|Any CPU.Build.0 = Debug|Any CPU
		{2B002980-3FE7-4B81-84CF-B45E2EA386F1}.Release|Any CPU.ActiveCfg = Release|Any CPU
		{2B002980-3FE7-4B81-84CF-B45E2EA386F1}.Release|Any CPU.Build.0 = Release|Any CPU
		{80D4CD28-1DC4-4655-B4BF-B8C8BEC69273}.Debug|Any CPU.ActiveCfg = Debug|Any CPU
		{80D4CD28-1DC4-4655-B4BF-B8C8BEC69273}.Debug|Any CPU.Build.0 = Debug|Any CPU
		{80D4CD28-1DC4-4655-B4BF-B8C8BEC69273}.Release|Any CPU.ActiveCfg = Release|Any CPU
		{80D4CD28-1DC4-4655-B4BF-B8C8BEC69273}.Release|Any CPU.Build.0 = Release|Any CPU
		{0FA9BC68-3148-433E-BADE-42161D226973}.Debug|Any CPU.ActiveCfg = Debug|Any CPU
		{0FA9BC68-3148-433E-BADE-42161D226973}.Debug|Any CPU.Build.0 = Debug|Any CPU
		{0FA9BC68-3148-433E-BADE-42161D226973}.Release|Any CPU.ActiveCfg = Release|Any CPU
		{0FA9BC68-3148-433E-BADE-42161D226973}.Release|Any CPU.Build.0 = Release|Any CPU
		{F09D5283-DD42-4F93-9756-41C1DC225CD1}.Debug|Any CPU.ActiveCfg = Debug|Any CPU
		{F09D5283-DD42-4F93-9756-41C1DC225CD1}.Debug|Any CPU.Build.0 = Debug|Any CPU
		{F09D5283-DD42-4F93-9756-41C1DC225CD1}.Release|Any CPU.ActiveCfg = Release|Any CPU
		{F09D5283-DD42-4F93-9756-41C1DC225CD1}.Release|Any CPU.Build.0 = Release|Any CPU
		{311D6998-B4AC-4490-8A5A-CF8ECAF9D7D1}.Debug|Any CPU.ActiveCfg = Debug|Any CPU
		{311D6998-B4AC-4490-8A5A-CF8ECAF9D7D1}.Debug|Any CPU.Build.0 = Debug|Any CPU
		{311D6998-B4AC-4490-8A5A-CF8ECAF9D7D1}.Release|Any CPU.ActiveCfg = Release|Any CPU
		{311D6998-B4AC-4490-8A5A-CF8ECAF9D7D1}.Release|Any CPU.Build.0 = Release|Any CPU
		{64E32070-7056-4CAD-9658-FB40D867F718}.Debug|Any CPU.ActiveCfg = Debug|Any CPU
		{64E32070-7056-4CAD-9658-FB40D867F718}.Debug|Any CPU.Build.0 = Debug|Any CPU
		{64E32070-7056-4CAD-9658-FB40D867F718}.Release|Any CPU.ActiveCfg = Release|Any CPU
		{64E32070-7056-4CAD-9658-FB40D867F718}.Release|Any CPU.Build.0 = Release|Any CPU
		{A9B306D5-BDA9-4683-B270-40BE0DF7888B}.Debug|Any CPU.ActiveCfg = Debug|Any CPU
		{A9B306D5-BDA9-4683-B270-40BE0DF7888B}.Debug|Any CPU.Build.0 = Debug|Any CPU
		{A9B306D5-BDA9-4683-B270-40BE0DF7888B}.Release|Any CPU.ActiveCfg = Release|Any CPU
		{A9B306D5-BDA9-4683-B270-40BE0DF7888B}.Release|Any CPU.Build.0 = Release|Any CPU
		{A67ADD7D-6C9C-4A70-BC46-7158E91F627D}.Debug|Any CPU.ActiveCfg = Debug|Any CPU
		{A67ADD7D-6C9C-4A70-BC46-7158E91F627D}.Debug|Any CPU.Build.0 = Debug|Any CPU
		{A67ADD7D-6C9C-4A70-BC46-7158E91F627D}.Release|Any CPU.ActiveCfg = Release|Any CPU
		{A67ADD7D-6C9C-4A70-BC46-7158E91F627D}.Release|Any CPU.Build.0 = Release|Any CPU
		{0E66EE87-00D0-42E2-B9D5-7F83D9BDDBB8}.Debug|Any CPU.ActiveCfg = Debug|Any CPU
		{0E66EE87-00D0-42E2-B9D5-7F83D9BDDBB8}.Debug|Any CPU.Build.0 = Debug|Any CPU
		{0E66EE87-00D0-42E2-B9D5-7F83D9BDDBB8}.Release|Any CPU.ActiveCfg = Release|Any CPU
		{0E66EE87-00D0-42E2-B9D5-7F83D9BDDBB8}.Release|Any CPU.Build.0 = Release|Any CPU
	EndGlobalSection
	GlobalSection(NestedProjects) = preSolution
		{67D4885C-D68B-4860-93A4-DC4413F50D01} = {DD200CAC-CF4C-477B-977A-EA8ACF504259}
		{DC8D8BB3-8E59-4274-BC9D-B46A2A37F4F1} = {DD200CAC-CF4C-477B-977A-EA8ACF504259}
		{30E9AF67-FD1B-4034-9065-78E316C5442C} = {6397BAF3-4E34-4577-9D1D-C3E2624A281A}
		{C7E4F1A2-3B5D-4E6F-8A9B-0C1D2E3F4A5B} = {6397BAF3-4E34-4577-9D1D-C3E2624A281A}
		{D15D423D-6A0C-4FDE-B87B-00C935990B68} = {DD200CAC-CF4C-477B-977A-EA8ACF504259}
		{F010990B-5DE8-4AAF-B961-607FEB20F71A} = {DD200CAC-CF4C-477B-977A-EA8ACF504259}
		{F253D39F-FEA0-4B9B-A0A9-EE9935612670} = {DD200CAC-CF4C-477B-977A-EA8ACF504259}
		{7B363C33-7F2C-4BBF-B87F-80F8AA586861} = {DD200CAC-CF4C-477B-977A-EA8ACF504259}
		{9080453D-9C5E-4528-88EC-020363799DBC} = {DD200CAC-CF4C-477B-977A-EA8ACF504259}
		{161DC927-9C7C-464D-A9CE-41A7AB9A26D6} = {DD200CAC-CF4C-477B-977A-EA8ACF504259}
		{77227466-8F16-437A-91CE-C35BB6295B51} = {DD200CAC-CF4C-477B-977A-EA8ACF504259}
		{280C50DD-1749-4861-B3BE-A7F457BDAF27} = {DD200CAC-CF4C-477B-977A-EA8ACF504259}
		{19E0F997-C8C7-4C3E-8F63-E889902761D1} = {DD200CAC-CF4C-477B-977A-EA8ACF504259}
		{A9C36F45-5A96-4355-A268-FD990C993AD0} = {DD200CAC-CF4C-477B-977A-EA8ACF504259}
		{5AE61407-9B45-4D38-B7CE-50B70B972C51} = {DD200CAC-CF4C-477B-977A-EA8ACF504259}
		{499691B9-25A5-4551-9083-5A502E1D5A49} = {DD200CAC-CF4C-477B-977A-EA8ACF504259}
		{2E0A3B61-37ED-43D4-8908-4EC44CDBF968} = {DD200CAC-CF4C-477B-977A-EA8ACF504259}
		{B6A0F7D8-602C-4AB4-8219-E6DF0552D911} = {6397BAF3-4E34-4577-9D1D-C3E2624A281A}
		{A07743D1-95F4-49CE-BD7D-75A312CD5AB5} = {6397BAF3-4E34-4577-9D1D-C3E2624A281A}
		{068D24EF-46C5-419A-9147-A3322799C597} = {6397BAF3-4E34-4577-9D1D-C3E2624A281A}
		{2B002980-3FE7-4B81-84CF-B45E2EA386F1} = {6397BAF3-4E34-4577-9D1D-C3E2624A281A}
		{80D4CD28-1DC4-4655-B4BF-B8C8BEC69273} = {6397BAF3-4E34-4577-9D1D-C3E2624A281A}
		{0FA9BC68-3148-433E-BADE-42161D226973} = {6397BAF3-4E34-4577-9D1D-C3E2624A281A}
		{F09D5283-DD42-4F93-9756-41C1DC225CD1} = {6397BAF3-4E34-4577-9D1D-C3E2624A281A}
		{311D6998-B4AC-4490-8A5A-CF8ECAF9D7D1} = {DD200CAC-CF4C-477B-977A-EA8ACF504259}
		{64E32070-7056-4CAD-9658-FB40D867F718} = {6397BAF3-4E34-4577-9D1D-C3E2624A281A}
		{A9B306D5-BDA9-4683-B270-40BE0DF7888B} = {6397BAF3-4E34-4577-9D1D-C3E2624A281A}
		{A67ADD7D-6C9C-4A70-BC46-7158E91F627D} = {6397BAF3-4E34-4577-9D1D-C3E2624A281A}
		{0E66EE87-00D0-42E2-B9D5-7F83D9BDDBB8} = {6397BAF3-4E34-4577-9D1D-C3E2624A281A}
	EndGlobalSection
EndGlobal
